
Microsoft Visual Studio Solution File, Format Version 12.00
# Visual Studio Version 16
VisualStudioVersion = 16.0.31205.134
MinimumVisualStudioVersion = 10.0.40219.1
Project("{FAE04EC0-301F-11D3-BF4B-00C04F79EFBC}") = "TechTalk", "TechTalk\TechTalk.csproj", "{4932F594-E6B9-4DFD-BC57-64991FB81917}"
EndProject
Global
	GlobalSection(SolutionConfigurationPlatforms) = preSolution
		Debug|Any CPU = Debug|Any CPU
		Release|Any CPU = Release|Any CPU
	EndGlobalSection
	GlobalSection(ProjectConfigurationPlatforms) = postSolution
		{4932F594-E6B9-4DFD-BC57-64991FB81917}.Debug|Any CPU.ActiveCfg = Debug|Any CPU
		{4932F594-E6B9-4DFD-BC57-64991FB81917}.Debug|Any CPU.Build.0 = Debug|Any CPU
		{4932F594-E6B9-4DFD-BC57-64991FB81917}.Release|Any CPU.ActiveCfg = Release|Any CPU
		{4932F594-E6B9-4DFD-BC57-64991FB81917}.Release|Any CPU.Build.0 = Release|Any CPU
	EndGlobalSection
	GlobalSection(SolutionProperties) = preSolution
		HideSolutionNode = FALSE
	EndGlobalSection
	GlobalSection(ExtensibilityGlobals) = postSolution
		SolutionGuid = {AADB8FBE-B0ED-4094-9B26-6842E34565E2}
	EndGlobalSection
EndGlobal
